
Microsoft Visual Studio Solution File, Format Version 12.00
# Visual Studio Version 17
VisualStudioVersion = 17.4.33403.182
MinimumVisualStudioVersion = 10.0.40219.1
Project("{8BC9CEB8-8B4A-11D0-8D11-00A0C91BC942}") = "Q_708", "Q_708\Q_708.vcxproj", "{CE29206C-B71E-422A-8E12-4FF1B1792636}"
EndProject
Global
	GlobalSection(SolutionConfigurationPlatforms) = preSolution
		Debug|x64 = Debug|x64
		Debug|x86 = Debug|x86
		Release|x64 = Release|x64
		Release|x86 = Release|x86
	EndGlobalSection
	GlobalSection(ProjectConfigurationPlatforms) = postSolution
		{CE29206C-B71E-422A-8E12-4FF1B1792636}.Debug|x64.ActiveCfg = Debug|x64
		{CE29206C-B71E-422A-8E12-4FF1B1792636}.Debug|x64.Build.0 = Debug|x64
		{CE29206C-B71E-422A-8E12-4FF1B1792636}.Debug|x86.ActiveCfg = Debug|Win32
		{CE29206C-B71E-422A-8E12-4FF1B1792636}.Debug|x86.Build.0 = Debug|Win32
		{CE29206C-B71E-422A-8E12-4FF1B1792636}.Release|x64.ActiveCfg = Release|x64
		{CE29206C-B71E-422A-8E12-4FF1B1792636}.Release|x64.Build.0 = Release|x64
		{CE29206C-B71E-422A-8E12-4FF1B1792636}.Release|x86.ActiveCfg = Release|Win32
		{CE29206C-B71E-422A-8E12-4FF1B1792636}.Release|x86.Build.0 = Release|Win32
	EndGlobalSection
	GlobalSection(SolutionProperties) = preSolution
		HideSolutionNode = FALSE
	EndGlobalSection
	GlobalSection(ExtensibilityGlobals) = postSolution
		SolutionGuid = {E508307B-1944-46F5-8323-631B7FBC8111}
	EndGlobalSection
EndGlobal
