
Microsoft Visual Studio Solution File, Format Version 12.00
# Visual Studio Version 17
VisualStudioVersion = 17.4.33403.182
MinimumVisualStudioVersion = 10.0.40219.1
Project("{8BC9CEB8-8B4A-11D0-8D11-00A0C91BC942}") = "Q_715", "Q_715\Q_715.vcxproj", "{8A3BFD50-5BF4-4F92-9129-B40ACFF72EA2}"
EndProject
Global
	GlobalSection(SolutionConfigurationPlatforms) = preSolution
		Debug|x64 = Debug|x64
		Debug|x86 = Debug|x86
		Release|x64 = Release|x64
		Release|x86 = Release|x86
	EndGlobalSection
	GlobalSection(ProjectConfigurationPlatforms) = postSolution
		{8A3BFD50-5BF4-4F92-9129-B40ACFF72EA2}.Debug|x64.ActiveCfg = Debug|x64
		{8A3BFD50-5BF4-4F92-9129-B40ACFF72EA2}.Debug|x64.Build.0 = Debug|x64
		{8A3BFD50-5BF4-4F92-9129-B40ACFF72EA2}.Debug|x86.ActiveCfg = Debug|Win32
		{8A3BFD50-5BF4-4F92-9129-B40ACFF72EA2}.Debug|x86.Build.0 = Debug|Win32
		{8A3BFD50-5BF4-4F92-9129-B40ACFF72EA2}.Release|x64.ActiveCfg = Release|x64
		{8A3BFD50-5BF4-4F92-9129-B40ACFF72EA2}.Release|x64.Build.0 = Release|x64
		{8A3BFD50-5BF4-4F92-9129-B40ACFF72EA2}.Release|x86.ActiveCfg = Release|Win32
		{8A3BFD50-5BF4-4F92-9129-B40ACFF72EA2}.Release|x86.Build.0 = Release|Win32
	EndGlobalSection
	GlobalSection(SolutionProperties) = preSolution
		HideSolutionNode = FALSE
	EndGlobalSection
	GlobalSection(ExtensibilityGlobals) = postSolution
		SolutionGuid = {D6A3AA9F-2069-4E6E-9F1C-828DCB3AE2BE}
	EndGlobalSection
EndGlobal
